// !$*UTF8*$!
{
	archiveVersion = 1;
	classes = {
	};
	objectVersion = 46;
	objects = {

/* Begin PBXBuildFile section */
		95C595CC1A6D3A5300A788C4 /* AppDelegate.swift in Sources */ = {isa = PBXBuildFile; fileRef = 95C595CB1A6D3A5300A788C4 /* AppDelegate.swift */; };
		95C595CE1A6D3A5300A788C4 /* ViewController.swift in Sources */ = {isa = PBXBuildFile; fileRef = 95C595CD1A6D3A5300A788C4 /* ViewController.swift */; };
		95C595D11A6D3A5300A788C4 /* Main.storyboard in Resources */ = {isa = PBXBuildFile; fileRef = 95C595CF1A6D3A5300A788C4 /* Main.storyboard */; };
		95C595D31A6D3A5300A788C4 /* Images.xcassets in Resources */ = {isa = PBXBuildFile; fileRef = 95C595D21A6D3A5300A788C4 /* Images.xcassets */; };
		95C595D61A6D3A5300A788C4 /* LaunchScreen.xib in Resources */ = {isa = PBXBuildFile; fileRef = 95C595D41A6D3A5300A788C4 /* LaunchScreen.xib */; };
		95C595E21A6D3A5300A788C4 /* iAdExampleTests.swift in Sources */ = {isa = PBXBuildFile; fileRef = 95C595E11A6D3A5300A788C4 /* iAdExampleTests.swift */; };
/* End PBXBuildFile section */

/* Begin PBXContainerItemProxy section */
		95C595DC1A6D3A5300A788C4 /* PBXContainerItemProxy */ = {
			isa = PBXContainerItemProxy;
			containerPortal = 95C595BE1A6D3A5300A788C4 /* Project object */;
			proxyType = 1;
			remoteGlobalIDString = 95C595C51A6D3A5300A788C4;
			remoteInfo = iAdExample;
		};
/* End PBXContainerItemProxy section */

/* Begin PBXFileReference section */
		95C595C61A6D3A5300A788C4 /* iAdExample.app */ = {isa = PBXFileReference; explicitFileType = wrapper.application; includeInIndex = 0; path = iAdExample.app; sourceTree = BUILT_PRODUCTS_DIR; };
		95C595CA1A6D3A5300A788C4 /* Info.plist */ = {isa = PBXFileReference; lastKnownFileType = text.plist.xml; path = Info.plist; sourceTree = "<group>"; };
		95C595CB1A6D3A5300A788C4 /* AppDelegate.swift */ = {isa = PBXFileReference; lastKnownFileType = sourcecode.swift; path = AppDelegate.swift; sourceTree = "<group>"; };
		95C595CD1A6D3A5300A788C4 /* ViewController.swift */ = {isa = PBXFileReference; lastKnownFileType = sourcecode.swift; path = ViewController.swift; sourceTree = "<group>"; };
		95C595D01A6D3A5300A788C4 /* Base */ = {isa = PBXFileReference; lastKnownFileType = file.storyboard; name = Base; path = Base.lproj/Main.storyboard; sourceTree = "<group>"; };
		95C595D21A6D3A5300A788C4 /* Images.xcassets */ = {isa = PBXFileReference; lastKnownFileType = folder.assetcatalog; path = Images.xcassets; sourceTree = "<group>"; };
		95C595D51A6D3A5300A788C4 /* Base */ = {isa = PBXFileReference; lastKnownFileType = file.xib; name = Base; path = Base.lproj/LaunchScreen.xib; sourceTree = "<group>"; };
		95C595DB1A6D3A5300A788C4 /* iAdExampleTests.xctest */ = {isa = PBXFileReference; explicitFileType = wrapper.cfbundle; includeInIndex = 0; path = iAdExampleTests.xctest; sourceTree = BUILT_PRODUCTS_DIR; };
		95C595E01A6D3A5300A788C4 /* Info.plist */ = {isa = PBXFileReference; lastKnownFileType = text.plist.xml; path = Info.plist; sourceTree = "<group>"; };
		95C595E11A6D3A5300A788C4 /* iAdExampleTests.swift */ = {isa = PBXFileReference; lastKnownFileType = sourcecode.swift; path = iAdExampleTests.swift; sourceTree = "<group>"; };
/* End PBXFileReference section */

/* Begin PBXFrameworksBuildPhase section */
		95C595C31A6D3A5300A788C4 /* Frameworks */ = {
			isa = PBXFrameworksBuildPhase;
			buildActionMask = 2147483647;
			files = (
			);
			runOnlyForDeploymentPostprocessing = 0;
		};
		95C595D81A6D3A5300A788C4 /* Frameworks */ = {
			isa = PBXFrameworksBuildPhase;
			buildActionMask = 2147483647;
			files = (
			);
			runOnlyForDeploymentPostprocessing = 0;
		};
/* End PBXFrameworksBuildPhase section */

/* Begin PBXGroup section */
		95C595BD1A6D3A5300A788C4 = {
			isa = PBXGroup;
			children = (
				95C595C81A6D3A5300A788C4 /* iAdExample */,
				95C595DE1A6D3A5300A788C4 /* iAdExampleTests */,
				95C595C71A6D3A5300A788C4 /* Products */,
			);
			sourceTree = "<group>";
		};
		95C595C71A6D3A5300A788C4 /* Products */ = {
			isa = PBXGroup;
			children = (
				95C595C61A6D3A5300A788C4 /* iAdExample.app */,
				95C595DB1A6D3A5300A788C4 /* iAdExampleTests.xctest */,
			);
			name = Products;
			sourceTree = "<group>";
		};
		95C595C81A6D3A5300A788C4 /* iAdExample */ = {
			isa = PBXGroup;
			children = (
				95C595CB1A6D3A5300A788C4 /* AppDelegate.swift */,
				95C595CD1A6D3A5300A788C4 /* ViewController.swift */,
				95C595CF1A6D3A5300A788C4 /* Main.storyboard */,
				95C595D21A6D3A5300A788C4 /* Images.xcassets */,
				95C595D41A6D3A5300A788C4 /* LaunchScreen.xib */,
				95C595C91A6D3A5300A788C4 /* Supporting Files */,
			);
			path = iAdExample;
			sourceTree = "<group>";
		};
		95C595C91A6D3A5300A788C4 /* Supporting Files */ = {
			isa = PBXGroup;
			children = (
				95C595CA1A6D3A5300A788C4 /* Info.plist */,
			);
			name = "Supporting Files";
			sourceTree = "<group>";
		};
		95C595DE1A6D3A5300A788C4 /* iAdExampleTests */ = {
			isa = PBXGroup;
			children = (
				95C595E11A6D3A5300A788C4 /* iAdExampleTests.swift */,
				95C595DF1A6D3A5300A788C4 /* Supporting Files */,
			);
			path = iAdExampleTests;
			sourceTree = "<group>";
		};
		95C595DF1A6D3A5300A788C4 /* Supporting Files */ = {
			isa = PBXGroup;
			children = (
				95C595E01A6D3A5300A788C4 /* Info.plist */,
			);
			name = "Supporting Files";
			sourceTree = "<group>";
		};
/* End PBXGroup section */

/* Begin PBXNativeTarget section */
		95C595C51A6D3A5300A788C4 /* iAdExample */ = {
			isa = PBXNativeTarget;
			buildConfigurationList = 95C595E51A6D3A5300A788C4 /* Build configuration list for PBXNativeTarget "iAdExample" */;
			buildPhases = (
				95C595C21A6D3A5300A788C4 /* Sources */,
				95C595C31A6D3A5300A788C4 /* Frameworks */,
				95C595C41A6D3A5300A788C4 /* Resources */,
			);
			buildRules = (
			);
			dependencies = (
			);
			name = iAdExample;
			productName = iAdExample;
			productReference = 95C595C61A6D3A5300A788C4 /* iAdExample.app */;
			productType = "com.apple.product-type.application";
		};
		95C595DA1A6D3A5300A788C4 /* iAdExampleTests */ = {
			isa = PBXNativeTarget;
			buildConfigurationList = 95C595E81A6D3A5300A788C4 /* Build configuration list for PBXNativeTarget "iAdExampleTests" */;
			buildPhases = (
				95C595D71A6D3A5300A788C4 /* Sources */,
				95C595D81A6D3A5300A788C4 /* Frameworks */,
				95C595D91A6D3A5300A788C4 /* Resources */,
			);
			buildRules = (
			);
			dependencies = (
				95C595DD1A6D3A5300A788C4 /* PBXTargetDependency */,
			);
			name = iAdExampleTests;
			productName = iAdExampleTests;
			productReference = 95C595DB1A6D3A5300A788C4 /* iAdExampleTests.xctest */;
			productType = "com.apple.product-type.bundle.unit-test";
		};
/* End PBXNativeTarget section */

/* Begin PBXProject section */
		95C595BE1A6D3A5300A788C4 /* Project object */ = {
			isa = PBXProject;
			attributes = {
				LastUpgradeCheck = 0610;
				ORGANIZATIONNAME = Matteo;
				TargetAttributes = {
					95C595C51A6D3A5300A788C4 = {
						CreatedOnToolsVersion = 6.1.1;
					};
					95C595DA1A6D3A5300A788C4 = {
						CreatedOnToolsVersion = 6.1.1;
						TestTargetID = 95C595C51A6D3A5300A788C4;
					};
				};
			};
			buildConfigurationList = 95C595C11A6D3A5300A788C4 /* Build configuration list for PBXProject "iAdExample" */;
			compatibilityVersion = "Xcode 3.2";
			developmentRegion = English;
			hasScannedForEncodings = 0;
			knownRegions = (
				en,
				Base,
			);
			mainGroup = 95C595BD1A6D3A5300A788C4;
			productRefGroup = 95C595C71A6D3A5300A788C4 /* Products */;
			projectDirPath = "";
			projectRoot = "";
			targets = (
				95C595C51A6D3A5300A788C4 /* iAdExample */,
				95C595DA1A6D3A5300A788C4 /* iAdExampleTests */,
			);
		};
/* End PBXProject section */

/* Begin PBXResourcesBuildPhase section */
		95C595C41A6D3A5300A788C4 /* Resources */ = {
			isa = PBXResourcesBuildPhase;
			buildActionMask = 2147483647;
			files = (
				95C595D11A6D3A5300A788C4 /* Main.storyboard in Resources */,
				95C595D61A6D3A5300A788C4 /* LaunchScreen.xib in Resources */,
				95C595D31A6D3A5300A788C4 /* Images.xcassets in Resources */,
			);
			runOnlyForDeploymentPostprocessing = 0;
		};
		95C595D91A6D3A5300A788C4 /* Resources */ = {
			isa = PBXResourcesBuildPhase;
			buildActionMask = 2147483647;
			files = (
			);
			runOnlyForDeploymentPostprocessing = 0;
		};
/* End PBXResourcesBuildPhase section */

/* Begin PBXSourcesBuildPhase section */
		95C595C21A6D3A5300A788C4 /* Sources */ = {
			isa = PBXSourcesBuildPhase;
			buildActionMask = 2147483647;
			files = (
				95C595CE1A6D3A5300A788C4 /* ViewController.swift in Sources */,
				95C595CC1A6D3A5300A788C4 /* AppDelegate.swift in Sources */,
			);
			runOnlyForDeploymentPostprocessing = 0;
		};
		95C595D71A6D3A5300A788C4 /* Sources */ = {
			isa = PBXSourcesBuildPhase;
			buildActionMask = 2147483647;
			files = (
				95C595E21A6D3A5300A788C4 /* iAdExampleTests.swift in Sources */,
			);
			runOnlyForDeploymentPostprocessing = 0;
		};
/* End PBXSourcesBuildPhase section */

/* Begin PBXTargetDependency section */
		95C595DD1A6D3A5300A788C4 /* PBXTargetDependency */ = {
			isa = PBXTargetDependency;
			target = 95C595C51A6D3A5300A788C4 /* iAdExample */;
			targetProxy = 95C595DC1A6D3A5300A788C4 /* PBXContainerItemProxy */;
		};
/* End PBXTargetDependency section */

/* Begin PBXVariantGroup section */
		95C595CF1A6D3A5300A788C4 /* Main.storyboard */ = {
			isa = PBXVariantGroup;
			children = (
				95C595D01A6D3A5300A788C4 /* Base */,
			);
			name = Main.storyboard;
			sourceTree = "<group>";
		};
		95C595D41A6D3A5300A788C4 /* LaunchScreen.xib */ = {
			isa = PBXVariantGroup;
			children = (
				95C595D51A6D3A5300A788C4 /* Base */,
			);
			name = LaunchScreen.xib;
			sourceTree = "<group>";
		};
/* End PBXVariantGroup section */

/* Begin XCBuildConfiguration section */
		95C595E31A6D3A5300A788C4 /* Debug */ = {
			isa = XCBuildConfiguration;
			buildSettings = {
				ALWAYS_SEARCH_USER_PATHS = NO;
				CLANG_CXX_LANGUAGE_STANDARD = "gnu++0x";
				CLANG_CXX_LIBRARY = "libc++";
				CLANG_ENABLE_MODULES = YES;
				CLANG_ENABLE_OBJC_ARC = YES;
				CLANG_WARN_BOOL_CONVERSION = YES;
				CLANG_WARN_CONSTANT_CONVERSION = YES;
				CLANG_WARN_DIRECT_OBJC_ISA_USAGE = YES_ERROR;
				CLANG_WARN_EMPTY_BODY = YES;
				CLANG_WARN_ENUM_CONVERSION = YES;
				CLANG_WARN_INT_CONVERSION = YES;
				CLANG_WARN_OBJC_ROOT_CLASS = YES_ERROR;
				CLANG_WARN_UNREACHABLE_CODE = YES;
				CLANG_WARN__DUPLICATE_METHOD_MATCH = YES;
				"CODE_SIGN_IDENTITY[sdk=iphoneos*]" = "iPhone Developer";
				COPY_PHASE_STRIP = NO;
				ENABLE_STRICT_OBJC_MSGSEND = YES;
				GCC_C_LANGUAGE_STANDARD = gnu99;
				GCC_DYNAMIC_NO_PIC = NO;
				GCC_OPTIMIZATION_LEVEL = 0;
				GCC_PREPROCESSOR_DEFINITIONS = (
					"DEBUG=1",
					"$(inherited)",
				);
				GCC_SYMBOLS_PRIVATE_EXTERN = NO;
				GCC_WARN_64_TO_32_BIT_CONVERSION = YES;
				GCC_WARN_ABOUT_RETURN_TYPE = YES_ERROR;
				GCC_WARN_UNDECLARED_SELECTOR = YES;
				GCC_WARN_UNINITIALIZED_AUTOS = YES_AGGRESSIVE;
				GCC_WARN_UNUSED_FUNCTION = YES;
				GCC_WARN_UNUSED_VARIABLE = YES;
				IPHONEOS_DEPLOYMENT_TARGET = 8.1;
				MTL_ENABLE_DEBUG_INFO = YES;
				ONLY_ACTIVE_ARCH = YES;
				SDKROOT = iphoneos;
				SWIFT_OPTIMIZATION_LEVEL = "-Onone";
			};
			name = Debug;
		};
		95C595E41A6D3A5300A788C4 /* Release */ = {
			isa = XCBuildConfiguration;
			buildSettings = {
				ALWAYS_SEARCH_USER_PATHS = NO;
				CLANG_CXX_LANGUAGE_STANDARD = "gnu++0x";
				CLANG_CXX_LIBRARY = "libc++";
				CLANG_ENABLE_MODULES = YES;
				CLANG_ENABLE_OBJC_ARC = YES;
				CLANG_WARN_BOOL_CONVERSION = YES;
				CLANG_WARN_CONSTANT_CONVERSION = YES;
				CLANG_WARN_DIRECT_OBJC_ISA_USAGE = YES_ERROR;
				CLANG_WARN_EMPTY_BODY = YES;
				CLANG_WARN_ENUM_CONVERSION = YES;
				CLANG_WARN_INT_CONVERSION = YES;
				CLANG_WARN_OBJC_ROOT_CLASS = YES_ERROR;
				CLANG_WARN_UNREACHABLE_CODE = YES;
				CLANG_WARN__DUPLICATE_METHOD_MATCH = YES;
				"CODE_SIGN_IDENTITY[sdk=iphoneos*]" = "iPhone Developer";
				COPY_PHASE_STRIP = YES;
				ENABLE_NS_ASSERTIONS = NO;
				ENABLE_STRICT_OBJC_MSGSEND = YES;
				GCC_C_LANGUAGE_STANDARD = gnu99;
				GCC_WARN_64_TO_32_BIT_CONVERSION = YES;
				GCC_WARN_ABOUT_RETURN_TYPE = YES_ERROR;
				GCC_WARN_UNDECLARED_SELECTOR = YES;
				GCC_WARN_UNINITIALIZED_AUTOS = YES_AGGRESSIVE;
				GCC_WARN_UNUSED_FUNCTION = YES;
				GCC_WARN_UNUSED_VARIABLE = YES;
				IPHONEOS_DEPLOYMENT_TARGET = 8.1;
				MTL_ENABLE_DEBUG_INFO = NO;
				SDKROOT = iphoneos;
				VALIDATE_PRODUCT = YES;
			};
			name = Release;
		};
		95C595E61A6D3A5300A788C4 /* Debug */ = {
			isa = XCBuildConfiguration;
			buildSettings = {
				ASSETCATALOG_COMPILER_APPICON_NAME = AppIcon;
				INFOPLIST_FILE = iAdExample/Info.plist;
				LD_RUNPATH_SEARCH_PATHS = "$(inherited) @executable_path/Frameworks";
				PRODUCT_NAME = "$(TARGET_NAME)";
			};
			name = Debug;
		};
		95C595E71A6D3A5300A788C4 /* Release */ = {
			isa = XCBuildConfiguration;
			buildSettings = {
				ASSETCATALOG_COMPILER_APPICON_NAME = AppIcon;
				INFOPLIST_FILE = iAdExample/Info.plist;
				LD_RUNPATH_SEARCH_PATHS = "$(inherited) @executable_path/Frameworks";
				PRODUCT_NAME = "$(TARGET_NAME)";
			};
			name = Release;
		};
		95C595E91A6D3A5300A788C4 /* Debug */ = {
			isa = XCBuildConfiguration;
			buildSettings = {
				BUNDLE_LOADER = "$(TEST_HOST)";
				FRAMEWORK_SEARCH_PATHS = (
					"$(SDKROOT)/Developer/Library/Frameworks",
					"$(inherited)",
				);
				GCC_PREPROCESSOR_DEFINITIONS = (
					"DEBUG=1",
					"$(inherited)",
				);
				INFOPLIST_FILE = iAdExampleTests/Info.plist;
				LD_RUNPATH_SEARCH_PATHS = "$(inherited) @executable_path/Frameworks @loader_path/Frameworks";
				PRODUCT_NAME = "$(TARGET_NAME)";
				TEST_HOST = "$(BUILT_PRODUCTS_DIR)/iAdExample.app/iAdExample";
			};
			name = Debug;
		};
		95C595EA1A6D3A5300A788C4 /* Release */ = {
			isa = XCBuildConfiguration;
			buildSettings = {
				BUNDLE_LOADER = "$(TEST_HOST)";
				FRAMEWORK_SEARCH_PATHS = (
					"$(SDKROOT)/Developer/Library/Frameworks",
					"$(inherited)",
				);
				INFOPLIST_FILE = iAdExampleTests/Info.plist;
				LD_RUNPATH_SEARCH_PATHS = "$(inherited) @executable_path/Frameworks @loader_path/Frameworks";
				PRODUCT_NAME = "$(TARGET_NAME)";
				TEST_HOST = "$(BUILT_PRODUCTS_DIR)/iAdExample.app/iAdExample";
			};
			name = Release;
		};
/* End XCBuildConfiguration section */

/* Begin XCConfigurationList section */
		95C595C11A6D3A5300A788C4 /* Build configuration list for PBXProject "iAdExample" */ = {
			isa = XCConfigurationList;
			buildConfigurations = (
				95C595E31A6D3A5300A788C4 /* Debug */,
				95C595E41A6D3A5300A788C4 /* Release */,
			);
			defaultConfigurationIsVisible = 0;
			defaultConfigurationName = Release;
		};
		95C595E51A6D3A5300A788C4 /* Build configuration list for PBXNativeTarget "iAdExample" */ = {
			isa = XCConfigurationList;
			buildConfigurations = (
				95C595E61A6D3A5300A788C4 /* Debug */,
				95C595E71A6D3A5300A788C4 /* Release */,
			);
			defaultConfigurationIsVisible = 0;
		};
		95C595E81A6D3A5300A788C4 /* Build configuration list for PBXNativeTarget "iAdExampleTests" */ = {
			isa = XCConfigurationList;
			buildConfigurations = (
				95C595E91A6D3A5300A788C4 /* Debug */,
				95C595EA1A6D3A5300A788C4 /* Release */,
			);
			defaultConfigurationIsVisible = 0;
		};
/* End XCConfigurationList section */
	};
	rootObject = 95C595BE1A6D3A5300A788C4 /* Project object */;
}
